// !$*UTF8*$!
{
	archiveVersion = 1;
	classes = {
	};
	objectVersion = 46;
	objects = {

/* Begin PBXBuildFile section */
		0479A2E31AB0385E00E544E6 /* Sample.bundle in Resources */ = {isa = PBXBuildFile; fileRef = 0479A2E21AB0385E00E544E6 /* Sample.bundle */; };
		0479A2E51AB05A4A00E544E6 /* BaseSample.bundle in Resources */ = {isa = PBXBuildFile; fileRef = 0479A2E41AB05A4A00E544E6 /* BaseSample.bundle */; };
		9EB3369B19F01C2600C82FD3 /* main.m in Sources */ = {isa = PBXBuildFile; fileRef = 9EB3369A19F01C2600C82FD3 /* main.m */; };
		9EB3369E19F01C2600C82FD3 /* AppDelegate.m in Sources */ = {isa = PBXBuildFile; fileRef = 9EB3369D19F01C2600C82FD3 /* AppDelegate.m */; };
		9EB336A119F01C2600C82FD3 /* ViewController.m in Sources */ = {isa = PBXBuildFile; fileRef = 9EB336A019F01C2600C82FD3 /* ViewController.m */; };
		9EB336A419F01C2600C82FD3 /* Main.storyboard in Resources */ = {isa = PBXBuildFile; fileRef = 9EB336A219F01C2600C82FD3 /* Main.storyboard */; };
		9EB336A619F01C2600C82FD3 /* Images.xcassets in Resources */ = {isa = PBXBuildFile; fileRef = 9EB336A519F01C2600C82FD3 /* Images.xcassets */; };
		9EB336A919F01C2600C82FD3 /* LaunchScreen.xib in Resources */ = {isa = PBXBuildFile; fileRef = 9EB336A719F01C2600C82FD3 /* LaunchScreen.xib */; };
		9EB336B519F01C2600C82FD3 /* ThemeManagerDemoTests.m in Sources */ = {isa = PBXBuildFile; fileRef = 9EB336B419F01C2600C82FD3 /* ThemeManagerDemoTests.m */; };
		9EB336C119F01CAC00C82FD3 /* AWLThemeManager.m in Sources */ = {isa = PBXBuildFile; fileRef = 9EB336C019F01CAC00C82FD3 /* AWLThemeManager.m */; };
		B5410EA41C853269006203C9 /* Media.xcassets in Resources */ = {isa = PBXBuildFile; fileRef = B5410EA31C853269006203C9 /* Media.xcassets */; };
		B5410EA91C853541006203C9 /* defaults.plist in Resources */ = {isa = PBXBuildFile; fileRef = B5410EA81C853541006203C9 /* defaults.plist */; };
		B5410EAC1C85358F006203C9 /* Assets.bundle in Resources */ = {isa = PBXBuildFile; fileRef = B5410E9D1C853236006203C9 /* Assets.bundle */; };
/* End PBXBuildFile section */

/* Begin PBXContainerItemProxy section */
		9EB336AF19F01C2600C82FD3 /* PBXContainerItemProxy */ = {
			isa = PBXContainerItemProxy;
			containerPortal = 9EB3368D19F01C2600C82FD3 /* Project object */;
			proxyType = 1;
			remoteGlobalIDString = 9EB3369419F01C2600C82FD3;
			remoteInfo = ThemeManagerDemo;
		};
		B5410EAA1C853581006203C9 /* PBXContainerItemProxy */ = {
			isa = PBXContainerItemProxy;
			containerPortal = 9EB3368D19F01C2600C82FD3 /* Project object */;
			proxyType = 1;
			remoteGlobalIDString = B5410E9C1C853236006203C9;
			remoteInfo = Assets;
		};
/* End PBXContainerItemProxy section */

/* Begin PBXFileReference section */
		0479A2E21AB0385E00E544E6 /* Sample.bundle */ = {isa = PBXFileReference; lastKnownFileType = "wrapper.plug-in"; path = Sample.bundle; sourceTree = "<group>"; };
		0479A2E41AB05A4A00E544E6 /* BaseSample.bundle */ = {isa = PBXFileReference; lastKnownFileType = "wrapper.plug-in"; path = BaseSample.bundle; sourceTree = "<group>"; };
		9EB3369519F01C2600C82FD3 /* ThemeManagerDemo.app */ = {isa = PBXFileReference; explicitFileType = wrapper.application; includeInIndex = 0; path = ThemeManagerDemo.app; sourceTree = BUILT_PRODUCTS_DIR; };
		9EB3369919F01C2600C82FD3 /* Info.plist */ = {isa = PBXFileReference; lastKnownFileType = text.plist.xml; path = Info.plist; sourceTree = "<group>"; };
		9EB3369A19F01C2600C82FD3 /* main.m */ = {isa = PBXFileReference; lastKnownFileType = sourcecode.c.objc; path = main.m; sourceTree = "<group>"; };
		9EB3369C19F01C2600C82FD3 /* AppDelegate.h */ = {isa = PBXFileReference; lastKnownFileType = sourcecode.c.h; path = AppDelegate.h; sourceTree = "<group>"; };
		9EB3369D19F01C2600C82FD3 /* AppDelegate.m */ = {isa = PBXFileReference; lastKnownFileType = sourcecode.c.objc; path = AppDelegate.m; sourceTree = "<group>"; };
		9EB3369F19F01C2600C82FD3 /* ViewController.h */ = {isa = PBXFileReference; lastKnownFileType = sourcecode.c.h; path = ViewController.h; sourceTree = "<group>"; };
		9EB336A019F01C2600C82FD3 /* ViewController.m */ = {isa = PBXFileReference; lastKnownFileType = sourcecode.c.objc; path = ViewController.m; sourceTree = "<group>"; };
		9EB336A319F01C2600C82FD3 /* Base */ = {isa = PBXFileReference; lastKnownFileType = file.storyboard; name = Base; path = Base.lproj/Main.storyboard; sourceTree = "<group>"; };
		9EB336A519F01C2600C82FD3 /* Images.xcassets */ = {isa = PBXFileReference; lastKnownFileType = folder.assetcatalog; path = Images.xcassets; sourceTree = "<group>"; };
		9EB336A819F01C2600C82FD3 /* Base */ = {isa = PBXFileReference; lastKnownFileType = file.xib; name = Base; path = Base.lproj/LaunchScreen.xib; sourceTree = "<group>"; };
		9EB336AE19F01C2600C82FD3 /* ThemeManagerDemoTests.xctest */ = {isa = PBXFileReference; explicitFileType = wrapper.cfbundle; includeInIndex = 0; path = ThemeManagerDemoTests.xctest; sourceTree = BUILT_PRODUCTS_DIR; };
		9EB336B319F01C2600C82FD3 /* Info.plist */ = {isa = PBXFileReference; lastKnownFileType = text.plist.xml; path = Info.plist; sourceTree = "<group>"; };
		9EB336B419F01C2600C82FD3 /* ThemeManagerDemoTests.m */ = {isa = PBXFileReference; lastKnownFileType = sourcecode.c.objc; path = ThemeManagerDemoTests.m; sourceTree = "<group>"; };
		9EB336BF19F01CAC00C82FD3 /* AWLThemeManager.h */ = {isa = PBXFileReference; fileEncoding = 4; lastKnownFileType = sourcecode.c.h; path = AWLThemeManager.h; sourceTree = "<group>"; };
		9EB336C019F01CAC00C82FD3 /* AWLThemeManager.m */ = {isa = PBXFileReference; fileEncoding = 4; lastKnownFileType = sourcecode.c.objc; path = AWLThemeManager.m; sourceTree = "<group>"; };
		B5410E9D1C853236006203C9 /* Assets.bundle */ = {isa = PBXFileReference; explicitFileType = wrapper.cfbundle; includeInIndex = 0; path = Assets.bundle; sourceTree = BUILT_PRODUCTS_DIR; };
		B5410E9F1C853236006203C9 /* Info.plist */ = {isa = PBXFileReference; lastKnownFileType = text.plist.xml; path = Info.plist; sourceTree = "<group>"; };
		B5410EA31C853269006203C9 /* Media.xcassets */ = {isa = PBXFileReference; lastKnownFileType = folder.assetcatalog; path = Media.xcassets; sourceTree = "<group>"; };
		B5410EA81C853541006203C9 /* defaults.plist */ = {isa = PBXFileReference; fileEncoding = 4; lastKnownFileType = text.plist.xml; path = defaults.plist; sourceTree = "<group>"; };
/* End PBXFileReference section */

/* Begin PBXFrameworksBuildPhase section */
		9EB3369219F01C2600C82FD3 /* Frameworks */ = {
			isa = PBXFrameworksBuildPhase;
			buildActionMask = 2147483647;
			files = (
			);
			runOnlyForDeploymentPostprocessing = 0;
		};
		9EB336AB19F01C2600C82FD3 /* Frameworks */ = {
			isa = PBXFrameworksBuildPhase;
			buildActionMask = 2147483647;
			files = (
			);
			runOnlyForDeploymentPostprocessing = 0;
		};
		B5410E9A1C853236006203C9 /* Frameworks */ = {
			isa = PBXFrameworksBuildPhase;
			buildActionMask = 2147483647;
			files = (
			);
			runOnlyForDeploymentPostprocessing = 0;
		};
/* End PBXFrameworksBuildPhase section */

/* Begin PBXGroup section */
		9EB3368C19F01C2600C82FD3 = {
			isa = PBXGroup;
			children = (
				9EB336BE19F01C4900C82FD3 /* AWLThemeManager */,
				9EB3369719F01C2600C82FD3 /* ThemeManagerDemo */,
				9EB336B119F01C2600C82FD3 /* ThemeManagerDemoTests */,
				B5410E9E1C853236006203C9 /* Assets */,
				9EB3369619F01C2600C82FD3 /* Products */,
			);
			sourceTree = "<group>";
		};
		9EB3369619F01C2600C82FD3 /* Products */ = {
			isa = PBXGroup;
			children = (
				9EB3369519F01C2600C82FD3 /* ThemeManagerDemo.app */,
				9EB336AE19F01C2600C82FD3 /* ThemeManagerDemoTests.xctest */,
				B5410E9D1C853236006203C9 /* Assets.bundle */,
			);
			name = Products;
			sourceTree = "<group>";
		};
		9EB3369719F01C2600C82FD3 /* ThemeManagerDemo */ = {
			isa = PBXGroup;
			children = (
				B5410EA71C853415006203C9 /* AssetsBundle */,
				0479A2E41AB05A4A00E544E6 /* BaseSample.bundle */,
				0479A2E21AB0385E00E544E6 /* Sample.bundle */,
				9EB3369C19F01C2600C82FD3 /* AppDelegate.h */,
				9EB3369D19F01C2600C82FD3 /* AppDelegate.m */,
				9EB3369F19F01C2600C82FD3 /* ViewController.h */,
				9EB336A019F01C2600C82FD3 /* ViewController.m */,
				9EB336A219F01C2600C82FD3 /* Main.storyboard */,
				9EB336A519F01C2600C82FD3 /* Images.xcassets */,
				9EB336A719F01C2600C82FD3 /* LaunchScreen.xib */,
				9EB3369819F01C2600C82FD3 /* Supporting Files */,
			);
			path = ThemeManagerDemo;
			sourceTree = "<group>";
		};
		9EB3369819F01C2600C82FD3 /* Supporting Files */ = {
			isa = PBXGroup;
			children = (
				9EB3369919F01C2600C82FD3 /* Info.plist */,
				9EB3369A19F01C2600C82FD3 /* main.m */,
			);
			name = "Supporting Files";
			sourceTree = "<group>";
		};
		9EB336B119F01C2600C82FD3 /* ThemeManagerDemoTests */ = {
			isa = PBXGroup;
			children = (
				9EB336B419F01C2600C82FD3 /* ThemeManagerDemoTests.m */,
				9EB336B219F01C2600C82FD3 /* Supporting Files */,
			);
			path = ThemeManagerDemoTests;
			sourceTree = "<group>";
		};
		9EB336B219F01C2600C82FD3 /* Supporting Files */ = {
			isa = PBXGroup;
			children = (
				9EB336B319F01C2600C82FD3 /* Info.plist */,
			);
			name = "Supporting Files";
			sourceTree = "<group>";
		};
		9EB336BE19F01C4900C82FD3 /* AWLThemeManager */ = {
			isa = PBXGroup;
			children = (
				9EB336BF19F01CAC00C82FD3 /* AWLThemeManager.h */,
				9EB336C019F01CAC00C82FD3 /* AWLThemeManager.m */,
			);
			name = AWLThemeManager;
			path = ../AWLThemeManager;
			sourceTree = "<group>";
		};
		B5410E9E1C853236006203C9 /* Assets */ = {
			isa = PBXGroup;
			children = (
				B5410E9F1C853236006203C9 /* Info.plist */,
			);
			path = Assets;
			sourceTree = "<group>";
		};
		B5410EA71C853415006203C9 /* AssetsBundle */ = {
			isa = PBXGroup;
			children = (
				B5410EA81C853541006203C9 /* defaults.plist */,
				B5410EA31C853269006203C9 /* Media.xcassets */,
			);
			name = AssetsBundle;
			sourceTree = "<group>";
		};
/* End PBXGroup section */

/* Begin PBXNativeTarget section */
		9EB3369419F01C2600C82FD3 /* ThemeManagerDemo */ = {
			isa = PBXNativeTarget;
			buildConfigurationList = 9EB336B819F01C2600C82FD3 /* Build configuration list for PBXNativeTarget "ThemeManagerDemo" */;
			buildPhases = (
				9EB3369119F01C2600C82FD3 /* Sources */,
				9EB3369219F01C2600C82FD3 /* Frameworks */,
				9EB3369319F01C2600C82FD3 /* Resources */,
			);
			buildRules = (
			);
			dependencies = (
				B5410EAB1C853581006203C9 /* PBXTargetDependency */,
			);
			name = ThemeManagerDemo;
			productName = ThemeManagerDemo;
			productReference = 9EB3369519F01C2600C82FD3 /* ThemeManagerDemo.app */;
			productType = "com.apple.product-type.application";
		};
		9EB336AD19F01C2600C82FD3 /* ThemeManagerDemoTests */ = {
			isa = PBXNativeTarget;
			buildConfigurationList = 9EB336BB19F01C2600C82FD3 /* Build configuration list for PBXNativeTarget "ThemeManagerDemoTests" */;
			buildPhases = (
				9EB336AA19F01C2600C82FD3 /* Sources */,
				9EB336AB19F01C2600C82FD3 /* Frameworks */,
				9EB336AC19F01C2600C82FD3 /* Resources */,
			);
			buildRules = (
			);
			dependencies = (
				9EB336B019F01C2600C82FD3 /* PBXTargetDependency */,
			);
			name = ThemeManagerDemoTests;
			productName = ThemeManagerDemoTests;
			productReference = 9EB336AE19F01C2600C82FD3 /* ThemeManagerDemoTests.xctest */;
			productType = "com.apple.product-type.bundle.unit-test";
		};
		B5410E9C1C853236006203C9 /* Assets */ = {
			isa = PBXNativeTarget;
			buildConfigurationList = B5410EA21C853236006203C9 /* Build configuration list for PBXNativeTarget "Assets" */;
			buildPhases = (
				B5410E991C853236006203C9 /* Sources */,
				B5410E9A1C853236006203C9 /* Frameworks */,
				B5410E9B1C853236006203C9 /* Resources */,
			);
			buildRules = (
			);
			dependencies = (
			);
			name = Assets;
			productName = Assets;
			productReference = B5410E9D1C853236006203C9 /* Assets.bundle */;
			productType = "com.apple.product-type.bundle";
		};
/* End PBXNativeTarget section */

/* Begin PBXProject section */
		9EB3368D19F01C2600C82FD3 /* Project object */ = {
			isa = PBXProject;
			attributes = {
				LastUpgradeCheck = 0600;
				ORGANIZATIONNAME = AppWill;
				TargetAttributes = {
					9EB3369419F01C2600C82FD3 = {
						CreatedOnToolsVersion = 6.0.1;
					};
					9EB336AD19F01C2600C82FD3 = {
						CreatedOnToolsVersion = 6.0.1;
						TestTargetID = 9EB3369419F01C2600C82FD3;
					};
					B5410E9C1C853236006203C9 = {
						CreatedOnToolsVersion = 7.2;
					};
				};
			};
			buildConfigurationList = 9EB3369019F01C2600C82FD3 /* Build configuration list for PBXProject "ThemeManagerDemo" */;
			compatibilityVersion = "Xcode 3.2";
			developmentRegion = English;
			hasScannedForEncodings = 0;
			knownRegions = (
				en,
				Base,
			);
			mainGroup = 9EB3368C19F01C2600C82FD3;
			productRefGroup = 9EB3369619F01C2600C82FD3 /* Products */;
			projectDirPath = "";
			projectRoot = "";
			targets = (
				9EB3369419F01C2600C82FD3 /* ThemeManagerDemo */,
				9EB336AD19F01C2600C82FD3 /* ThemeManagerDemoTests */,
				B5410E9C1C853236006203C9 /* Assets */,
			);
		};
/* End PBXProject section */

/* Begin PBXResourcesBuildPhase section */
		9EB3369319F01C2600C82FD3 /* Resources */ = {
			isa = PBXResourcesBuildPhase;
			buildActionMask = 2147483647;
			files = (
				B5410EAC1C85358F006203C9 /* Assets.bundle in Resources */,
				9EB336A419F01C2600C82FD3 /* Main.storyboard in Resources */,
				0479A2E51AB05A4A00E544E6 /* BaseSample.bundle in Resources */,
				9EB336A919F01C2600C82FD3 /* LaunchScreen.xib in Resources */,
				9EB336A619F01C2600C82FD3 /* Images.xcassets in Resources */,
				0479A2E31AB0385E00E544E6 /* Sample.bundle in Resources */,
			);
			runOnlyForDeploymentPostprocessing = 0;
		};
		9EB336AC19F01C2600C82FD3 /* Resources */ = {
			isa = PBXResourcesBuildPhase;
			buildActionMask = 2147483647;
			files = (
			);
			runOnlyForDeploymentPostprocessing = 0;
		};
		B5410E9B1C853236006203C9 /* Resources */ = {
			isa = PBXResourcesBuildPhase;
			buildActionMask = 2147483647;
			files = (
				B5410EA91C853541006203C9 /* defaults.plist in Resources */,
				B5410EA41C853269006203C9 /* Media.xcassets in Resources */,
			);
			runOnlyForDeploymentPostprocessing = 0;
		};
/* End PBXResourcesBuildPhase section */

/* Begin PBXSourcesBuildPhase section */
		9EB3369119F01C2600C82FD3 /* Sources */ = {
			isa = PBXSourcesBuildPhase;
			buildActionMask = 2147483647;
			files = (
				9EB336A119F01C2600C82FD3 /* ViewController.m in Sources */,
				9EB3369E19F01C2600C82FD3 /* AppDelegate.m in Sources */,
				9EB336C119F01CAC00C82FD3 /* AWLThemeManager.m in Sources */,
				9EB3369B19F01C2600C82FD3 /* main.m in Sources */,
			);
			runOnlyForDeploymentPostprocessing = 0;
		};
		9EB336AA19F01C2600C82FD3 /* Sources */ = {
			isa = PBXSourcesBuildPhase;
			buildActionMask = 2147483647;
			files = (
				9EB336B519F01C2600C82FD3 /* ThemeManagerDemoTests.m in Sources */,
			);
			runOnlyForDeploymentPostprocessing = 0;
		};
		B5410E991C853236006203C9 /* Sources */ = {
			isa = PBXSourcesBuildPhase;
			buildActionMask = 2147483647;
			files = (
			);
			runOnlyForDeploymentPostprocessing = 0;
		};
/* End PBXSourcesBuildPhase section */

/* Begin PBXTargetDependency section */
		9EB336B019F01C2600C82FD3 /* PBXTargetDependency */ = {
			isa = PBXTargetDependency;
			target = 9EB3369419F01C2600C82FD3 /* ThemeManagerDemo */;
			targetProxy = 9EB336AF19F01C2600C82FD3 /* PBXContainerItemProxy */;
		};
		B5410EAB1C853581006203C9 /* PBXTargetDependency */ = {
			isa = PBXTargetDependency;
			target = B5410E9C1C853236006203C9 /* Assets */;
			targetProxy = B5410EAA1C853581006203C9 /* PBXContainerItemProxy */;
		};
/* End PBXTargetDependency section */

/* Begin PBXVariantGroup section */
		9EB336A219F01C2600C82FD3 /* Main.storyboard */ = {
			isa = PBXVariantGroup;
			children = (
				9EB336A319F01C2600C82FD3 /* Base */,
			);
			name = Main.storyboard;
			sourceTree = "<group>";
		};
		9EB336A719F01C2600C82FD3 /* LaunchScreen.xib */ = {
			isa = PBXVariantGroup;
			children = (
				9EB336A819F01C2600C82FD3 /* Base */,
			);
			name = LaunchScreen.xib;
			sourceTree = "<group>";
		};
/* End PBXVariantGroup section */

/* Begin XCBuildConfiguration section */
		9EB336B619F01C2600C82FD3 /* Debug */ = {
			isa = XCBuildConfiguration;
			buildSettings = {
				ALWAYS_SEARCH_USER_PATHS = NO;
				CLANG_CXX_LANGUAGE_STANDARD = "gnu++0x";
				CLANG_CXX_LIBRARY = "libc++";
				CLANG_ENABLE_MODULES = YES;
				CLANG_ENABLE_OBJC_ARC = YES;
				CLANG_WARN_BOOL_CONVERSION = YES;
				CLANG_WARN_CONSTANT_CONVERSION = YES;
				CLANG_WARN_DIRECT_OBJC_ISA_USAGE = YES_ERROR;
				CLANG_WARN_EMPTY_BODY = YES;
				CLANG_WARN_ENUM_CONVERSION = YES;
				CLANG_WARN_INT_CONVERSION = YES;
				CLANG_WARN_OBJC_ROOT_CLASS = YES_ERROR;
				CLANG_WARN_UNREACHABLE_CODE = YES;
				CLANG_WARN__DUPLICATE_METHOD_MATCH = YES;
				"CODE_SIGN_IDENTITY[sdk=iphoneos*]" = "iPhone Developer";
				COPY_PHASE_STRIP = NO;
				ENABLE_STRICT_OBJC_MSGSEND = YES;
				GCC_C_LANGUAGE_STANDARD = gnu99;
				GCC_DYNAMIC_NO_PIC = NO;
				GCC_OPTIMIZATION_LEVEL = 0;
				GCC_PREPROCESSOR_DEFINITIONS = (
					"DEBUG=1",
					"$(inherited)",
				);
				GCC_SYMBOLS_PRIVATE_EXTERN = NO;
				GCC_WARN_64_TO_32_BIT_CONVERSION = YES;
				GCC_WARN_ABOUT_RETURN_TYPE = YES_ERROR;
				GCC_WARN_UNDECLARED_SELECTOR = YES;
				GCC_WARN_UNINITIALIZED_AUTOS = YES_AGGRESSIVE;
				GCC_WARN_UNUSED_FUNCTION = YES;
				GCC_WARN_UNUSED_VARIABLE = YES;
				IPHONEOS_DEPLOYMENT_TARGET = 8.0;
				MTL_ENABLE_DEBUG_INFO = YES;
				ONLY_ACTIVE_ARCH = YES;
				SDKROOT = iphoneos;
			};
			name = Debug;
		};
		9EB336B719F01C2600C82FD3 /* Release */ = {
			isa = XCBuildConfiguration;
			buildSettings = {
				ALWAYS_SEARCH_USER_PATHS = NO;
				CLANG_CXX_LANGUAGE_STANDARD = "gnu++0x";
				CLANG_CXX_LIBRARY = "libc++";
				CLANG_ENABLE_MODULES = YES;
				CLANG_ENABLE_OBJC_ARC = YES;
				CLANG_WARN_BOOL_CONVERSION = YES;
				CLANG_WARN_CONSTANT_CONVERSION = YES;
				CLANG_WARN_DIRECT_OBJC_ISA_USAGE = YES_ERROR;
				CLANG_WARN_EMPTY_BODY = YES;
				CLANG_WARN_ENUM_CONVERSION = YES;
				CLANG_WARN_INT_CONVERSION = YES;
				CLANG_WARN_OBJC_ROOT_CLASS = YES_ERROR;
				CLANG_WARN_UNREACHABLE_CODE = YES;
				CLANG_WARN__DUPLICATE_METHOD_MATCH = YES;
				"CODE_SIGN_IDENTITY[sdk=iphoneos*]" = "iPhone Developer";
				COPY_PHASE_STRIP = YES;
				ENABLE_NS_ASSERTIONS = NO;
				ENABLE_STRICT_OBJC_MSGSEND = YES;
				GCC_C_LANGUAGE_STANDARD = gnu99;
				GCC_WARN_64_TO_32_BIT_CONVERSION = YES;
				GCC_WARN_ABOUT_RETURN_TYPE = YES_ERROR;
				GCC_WARN_UNDECLARED_SELECTOR = YES;
				GCC_WARN_UNINITIALIZED_AUTOS = YES_AGGRESSIVE;
				GCC_WARN_UNUSED_FUNCTION = YES;
				GCC_WARN_UNUSED_VARIABLE = YES;
				IPHONEOS_DEPLOYMENT_TARGET = 8.0;
				MTL_ENABLE_DEBUG_INFO = NO;
				SDKROOT = iphoneos;
				VALIDATE_PRODUCT = YES;
			};
			name = Release;
		};
		9EB336B919F01C2600C82FD3 /* Debug */ = {
			isa = XCBuildConfiguration;
			buildSettings = {
				ASSETCATALOG_COMPILER_APPICON_NAME = AppIcon;
				INFOPLIST_FILE = ThemeManagerDemo/Info.plist;
				IPHONEOS_DEPLOYMENT_TARGET = 7.0;
				LD_RUNPATH_SEARCH_PATHS = "$(inherited) @executable_path/Frameworks";
				PRODUCT_NAME = "$(TARGET_NAME)";
			};
			name = Debug;
		};
		9EB336BA19F01C2600C82FD3 /* Release */ = {
			isa = XCBuildConfiguration;
			buildSettings = {
				ASSETCATALOG_COMPILER_APPICON_NAME = AppIcon;
				INFOPLIST_FILE = ThemeManagerDemo/Info.plist;
				IPHONEOS_DEPLOYMENT_TARGET = 7.0;
				LD_RUNPATH_SEARCH_PATHS = "$(inherited) @executable_path/Frameworks";
				PRODUCT_NAME = "$(TARGET_NAME)";
			};
			name = Release;
		};
		9EB336BC19F01C2600C82FD3 /* Debug */ = {
			isa = XCBuildConfiguration;
			buildSettings = {
				BUNDLE_LOADER = "$(TEST_HOST)";
				FRAMEWORK_SEARCH_PATHS = (
					"$(SDKROOT)/Developer/Library/Frameworks",
					"$(inherited)",
				);
				GCC_PREPROCESSOR_DEFINITIONS = (
					"DEBUG=1",
					"$(inherited)",
				);
				INFOPLIST_FILE = ThemeManagerDemoTests/Info.plist;
				LD_RUNPATH_SEARCH_PATHS = "$(inherited) @executable_path/Frameworks @loader_path/Frameworks";
				PRODUCT_NAME = "$(TARGET_NAME)";
				TEST_HOST = "$(BUILT_PRODUCTS_DIR)/ThemeManagerDemo.app/ThemeManagerDemo";
			};
			name = Debug;
		};
		9EB336BD19F01C2600C82FD3 /* Release */ = {
			isa = XCBuildConfiguration;
			buildSettings = {
				BUNDLE_LOADER = "$(TEST_HOST)";
				FRAMEWORK_SEARCH_PATHS = (
					"$(SDKROOT)/Developer/Library/Frameworks",
					"$(inherited)",
				);
				INFOPLIST_FILE = ThemeManagerDemoTests/Info.plist;
				LD_RUNPATH_SEARCH_PATHS = "$(inherited) @executable_path/Frameworks @loader_path/Frameworks";
				PRODUCT_NAME = "$(TARGET_NAME)";
				TEST_HOST = "$(BUILT_PRODUCTS_DIR)/ThemeManagerDemo.app/ThemeManagerDemo";
			};
			name = Release;
		};
		B5410EA01C853236006203C9 /* Debug */ = {
			isa = XCBuildConfiguration;
			buildSettings = {
				CODE_SIGN_IDENTITY = "-";
				COMBINE_HIDPI_IMAGES = YES;
				DEBUG_INFORMATION_FORMAT = dwarf;
				ENABLE_TESTABILITY = YES;
				GCC_NO_COMMON_BLOCKS = YES;
				INFOPLIST_FILE = Assets/Info.plist;
				INSTALL_PATH = "$(LOCAL_LIBRARY_DIR)/Bundles";
				MACOSX_DEPLOYMENT_TARGET = 10.11;
				PRODUCT_BUNDLE_IDENTIFIER = com.appwill.Assets;
				PRODUCT_NAME = "$(TARGET_NAME)";
				SDKROOT = iphoneos;
				SKIP_INSTALL = YES;
				WRAPPER_EXTENSION = bundle;
			};
			name = Debug;
		};
		B5410EA11C853236006203C9 /* Release */ = {
			isa = XCBuildConfiguration;
			buildSettings = {
				CODE_SIGN_IDENTITY = "-";
				COMBINE_HIDPI_IMAGES = YES;
				COPY_PHASE_STRIP = NO;
				DEBUG_INFORMATION_FORMAT = "dwarf-with-dsym";
				GCC_NO_COMMON_BLOCKS = YES;
				INFOPLIST_FILE = Assets/Info.plist;
				INSTALL_PATH = "$(LOCAL_LIBRARY_DIR)/Bundles";
				MACOSX_DEPLOYMENT_TARGET = 10.11;
				PRODUCT_BUNDLE_IDENTIFIER = com.appwill.Assets;
				PRODUCT_NAME = "$(TARGET_NAME)";
				SDKROOT = iphoneos;
				SKIP_INSTALL = YES;
				WRAPPER_EXTENSION = bundle;
			};
			name = Release;
		};
/* End XCBuildConfiguration section */

/* Begin XCConfigurationList section */
		9EB3369019F01C2600C82FD3 /* Build configuration list for PBXProject "ThemeManagerDemo" */ = {
			isa = XCConfigurationList;
			buildConfigurations = (
				9EB336B619F01C2600C82FD3 /* Debug */,
				9EB336B719F01C2600C82FD3 /* Release */,
			);
			defaultConfigurationIsVisible = 0;
			defaultConfigurationName = Release;
		};
		9EB336B819F01C2600C82FD3 /* Build configuration list for PBXNativeTarget "ThemeManagerDemo" */ = {
			isa = XCConfigurationList;
			buildConfigurations = (
				9EB336B919F01C2600C82FD3 /* Debug */,
				9EB336BA19F01C2600C82FD3 /* Release */,
			);
			defaultConfigurationIsVisible = 0;
			defaultConfigurationName = Release;
		};
		9EB336BB19F01C2600C82FD3 /* Build configuration list for PBXNativeTarget "ThemeManagerDemoTests" */ = {
			isa = XCConfigurationList;
			buildConfigurations = (
				9EB336BC19F01C2600C82FD3 /* Debug */,
				9EB336BD19F01C2600C82FD3 /* Release */,
			);
			defaultConfigurationIsVisible = 0;
			defaultConfigurationName = Release;
		};
		B5410EA21C853236006203C9 /* Build configuration list for PBXNativeTarget "Assets" */ = {
			isa = XCConfigurationList;
			buildConfigurations = (
				B5410EA01C853236006203C9 /* Debug */,
				B5410EA11C853236006203C9 /* Release */,
			);
			defaultConfigurationIsVisible = 0;
		};
/* End XCConfigurationList section */
	};
	rootObject = 9EB3368D19F01C2600C82FD3 /* Project object */;
}
